
Microsoft Visual Studio Solution File, Format Version 12.00
# Visual Studio Version 16
VisualStudioVersion = 16.0.29806.167
MinimumVisualStudioVersion = 10.0.40219.1
Project("{FAE04EC0-301F-11D3-BF4B-00C04F79EFBC}") = "CapitecBank", "CapitecBank\CapitecBank.csproj", "{15B97FFA-3C25-4916-ADD8-E53CC77D86A6}"
EndProject
Global
	GlobalSection(SolutionConfigurationPlatforms) = preSolution
		Debug|Any CPU = Debug|Any CPU
		Release|Any CPU = Release|Any CPU
	EndGlobalSection
	GlobalSection(ProjectConfigurationPlatforms) = postSolution
		{15B97FFA-3C25-4916-ADD8-E53CC77D86A6}.Debug|Any CPU.ActiveCfg = Debug|Any CPU
		{15B97FFA-3C25-4916-ADD8-E53CC77D86A6}.Debug|Any CPU.Build.0 = Debug|Any CPU
		{15B97FFA-3C25-4916-ADD8-E53CC77D86A6}.Release|Any CPU.ActiveCfg = Release|Any CPU
		{15B97FFA-3C25-4916-ADD8-E53CC77D86A6}.Release|Any CPU.Build.0 = Release|Any CPU
	EndGlobalSection
	GlobalSection(SolutionProperties) = preSolution
		HideSolutionNode = FALSE
	EndGlobalSection
	GlobalSection(ExtensibilityGlobals) = postSolution
		SolutionGuid = {96A08339-9EFD-4D01-9446-523F20646105}
	EndGlobalSection
EndGlobal
