
Microsoft Visual Studio Solution File, Format Version 12.00
# Visual Studio Version 16
VisualStudioVersion = 16.0.29609.76
MinimumVisualStudioVersion = 10.0.40219.1
Project("{FAE04EC0-301F-11D3-BF4B-00C04F79EFBC}") = "SeptembersTask5", "SeptembersTask5\SeptembersTask5.csproj", "{AEC4A127-E437-433C-A900-534A7F8969F1}"
EndProject
Global
	GlobalSection(SolutionConfigurationPlatforms) = preSolution
		Debug|Any CPU = Debug|Any CPU
		Release|Any CPU = Release|Any CPU
	EndGlobalSection
	GlobalSection(ProjectConfigurationPlatforms) = postSolution
		{AEC4A127-E437-433C-A900-534A7F8969F1}.Debug|Any CPU.ActiveCfg = Debug|Any CPU
		{AEC4A127-E437-433C-A900-534A7F8969F1}.Debug|Any CPU.Build.0 = Debug|Any CPU
		{AEC4A127-E437-433C-A900-534A7F8969F1}.Release|Any CPU.ActiveCfg = Release|Any CPU
		{AEC4A127-E437-433C-A900-534A7F8969F1}.Release|Any CPU.Build.0 = Release|Any CPU
	EndGlobalSection
	GlobalSection(SolutionProperties) = preSolution
		HideSolutionNode = FALSE
	EndGlobalSection
	GlobalSection(ExtensibilityGlobals) = postSolution
		SolutionGuid = {47CC728E-5BD0-419A-A728-779CD4E3233F}
	EndGlobalSection
EndGlobal
